
Microsoft Visual Studio Solution File, Format Version 12.00
# Visual Studio Version 17
VisualStudioVersion = 17.0.32112.339
MinimumVisualStudioVersion = 10.0.40219.1
Project("{9A19103F-16F7-4668-BE54-9A1E7A4F7556}") = "AssetsTools.NET", "AssetTools.NET\AssetsTools.NET.csproj", "{E09D5AC2-1A2E-4EC1-94AD-3F5E22F17658}"
EndProject
Project("{9A19103F-16F7-4668-BE54-9A1E7A4F7556}") = "AssetsView", "AssetsView\AssetsView.csproj", "{42D1011E-A1FB-424D-BB4E-C858EB088E9C}"
EndProject
Project("{9A19103F-16F7-4668-BE54-9A1E7A4F7556}") = "AssetsTools.NET.Cpp2IL", "AssetsTools.NET.Cpp2IL\AssetsTools.NET.Cpp2IL.csproj", "{0540E38A-FCD9-49CE-93CF-7E50ADF7A1D8}"
EndProject
Project("{9A19103F-16F7-4668-BE54-9A1E7A4F7556}") = "AssetsTools.NET.Tests", "AssetsTools.NET.Tests\AssetsTools.NET.Tests.csproj", "{1D064B99-E267-4674-BD56-0EDDDC66BD20}"
EndProject
Project("{9A19103F-16F7-4668-BE54-9A1E7A4F7556}") = "AssetsTools.NET.Texture", "AssetsTools.NET.Texture\AssetsTools.NET.Texture.csproj", "{5BF2E24D-C5EB-4AB8-94CD-D83BD9CDB4AC}"
EndProject
Project("{9A19103F-16F7-4668-BE54-9A1E7A4F7556}") = "KotHModLoaderGUI", "KotHModLoaderGUI\KotHModLoaderGUI.csproj", "{FDEF45BD-5181-4515-843C-B4F912804A10}"
EndProject
Project("{9A19103F-16F7-4668-BE54-9A1E7A4F7556}") = "Fmod5Sharp", "Fmod5Sharp\Fmod5Sharp.csproj", "{039AFF12-BC92-4B66-AD70-9292494514CB}"
EndProject
Project("{9A19103F-16F7-4668-BE54-9A1E7A4F7556}") = "BankExtractor", "BankExtractor\BankExtractor.csproj", "{61B1A8CB-4D7C-40F2-AD9E-615FA2CC4F9D}"
EndProject
Project("{8BC9CEB8-8B4A-11D0-8D11-00A0C91BC942}") = "FSBankNative", "FSBankNative\FSBankNative.vcxproj", "{C0E0C1EE-7F2E-4114-B910-0FBCD02FC3CA}"
EndProject
Global
	GlobalSection(SolutionConfigurationPlatforms) = preSolution
		Debug|Any CPU = Debug|Any CPU
		Debug|x64 = Debug|x64
		Debug|x86 = Debug|x86
		Release|Any CPU = Release|Any CPU
		Release|x64 = Release|x64
		Release|x86 = Release|x86
	EndGlobalSection
	GlobalSection(ProjectConfigurationPlatforms) = postSolution
		{E09D5AC2-1A2E-4EC1-94AD-3F5E22F17658}.Debug|Any CPU.ActiveCfg = Debug|Any CPU
		{E09D5AC2-1A2E-4EC1-94AD-3F5E22F17658}.Debug|Any CPU.Build.0 = Debug|Any CPU
		{E09D5AC2-1A2E-4EC1-94AD-3F5E22F17658}.Debug|x64.ActiveCfg = Debug|Any CPU
		{E09D5AC2-1A2E-4EC1-94AD-3F5E22F17658}.Debug|x64.Build.0 = Debug|Any CPU
		{E09D5AC2-1A2E-4EC1-94AD-3F5E22F17658}.Debug|x86.ActiveCfg = Debug|Any CPU
		{E09D5AC2-1A2E-4EC1-94AD-3F5E22F17658}.Debug|x86.Build.0 = Debug|Any CPU
		{E09D5AC2-1A2E-4EC1-94AD-3F5E22F17658}.Release|Any CPU.ActiveCfg = Release|Any CPU
		{E09D5AC2-1A2E-4EC1-94AD-3F5E22F17658}.Release|Any CPU.Build.0 = Release|Any CPU
		{E09D5AC2-1A2E-4EC1-94AD-3F5E22F17658}.Release|x64.ActiveCfg = Release|Any CPU
		{E09D5AC2-1A2E-4EC1-94AD-3F5E22F17658}.Release|x64.Build.0 = Release|Any CPU
		{E09D5AC2-1A2E-4EC1-94AD-3F5E22F17658}.Release|x86.ActiveCfg = Release|Any CPU
		{E09D5AC2-1A2E-4EC1-94AD-3F5E22F17658}.Release|x86.Build.0 = Release|Any CPU
		{42D1011E-A1FB-424D-BB4E-C858EB088E9C}.Debug|Any CPU.ActiveCfg = Debug|Any CPU
		{42D1011E-A1FB-424D-BB4E-C858EB088E9C}.Debug|Any CPU.Build.0 = Debug|Any CPU
		{42D1011E-A1FB-424D-BB4E-C858EB088E9C}.Debug|x64.ActiveCfg = Debug|Any CPU
		{42D1011E-A1FB-424D-BB4E-C858EB088E9C}.Debug|x64.Build.0 = Debug|Any CPU
		{42D1011E-A1FB-424D-BB4E-C858EB088E9C}.Debug|x86.ActiveCfg = Debug|Any CPU
		{42D1011E-A1FB-424D-BB4E-C858EB088E9C}.Debug|x86.Build.0 = Debug|Any CPU
		{42D1011E-A1FB-424D-BB4E-C858EB088E9C}.Release|Any CPU.ActiveCfg = Release|Any CPU
		{42D1011E-A1FB-424D-BB4E-C858EB088E9C}.Release|Any CPU.Build.0 = Release|Any CPU
		{42D1011E-A1FB-424D-BB4E-C858EB088E9C}.Release|x64.ActiveCfg = Release|Any CPU
		{42D1011E-A1FB-424D-BB4E-C858EB088E9C}.Release|x64.Build.0 = Release|Any CPU
		{42D1011E-A1FB-424D-BB4E-C858EB088E9C}.Release|x86.ActiveCfg = Release|Any CPU
		{42D1011E-A1FB-424D-BB4E-C858EB088E9C}.Release|x86.Build.0 = Release|Any CPU
		{0540E38A-FCD9-49CE-93CF-7E50ADF7A1D8}.Debug|Any CPU.ActiveCfg = Debug|Any CPU
		{0540E38A-FCD9-49CE-93CF-7E50ADF7A1D8}.Debug|Any CPU.Build.0 = Debug|Any CPU
		{0540E38A-FCD9-49CE-93CF-7E50ADF7A1D8}.Debug|x64.ActiveCfg = Debug|Any CPU
		{0540E38A-FCD9-49CE-93CF-7E50ADF7A1D8}.Debug|x64.Build.0 = Debug|Any CPU
		{0540E38A-FCD9-49CE-93CF-7E50ADF7A1D8}.Debug|x86.ActiveCfg = Debug|Any CPU
		{0540E38A-FCD9-49CE-93CF-7E50ADF7A1D8}.Debug|x86.Build.0 = Debug|Any CPU
		{0540E38A-FCD9-49CE-93CF-7E50ADF7A1D8}.Release|Any CPU.ActiveCfg = Release|Any CPU
		{0540E38A-FCD9-49CE-93CF-7E50ADF7A1D8}.Release|Any CPU.Build.0 = Release|Any CPU
		{0540E38A-FCD9-49CE-93CF-7E50ADF7A1D8}.Release|x64.ActiveCfg = Release|Any CPU
		{0540E38A-FCD9-49CE-93CF-7E50ADF7A1D8}.Release|x64.Build.0 = Release|Any CPU
		{0540E38A-FCD9-49CE-93CF-7E50ADF7A1D8}.Release|x86.ActiveCfg = Release|Any CPU
		{0540E38A-FCD9-49CE-93CF-7E50ADF7A1D8}.Release|x86.Build.0 = Release|Any CPU
		{1D064B99-E267-4674-BD56-0EDDDC66BD20}.Debug|Any CPU.ActiveCfg = Debug|Any CPU
		{1D064B99-E267-4674-BD56-0EDDDC66BD20}.Debug|Any CPU.Build.0 = Debug|Any CPU
		{1D064B99-E267-4674-BD56-0EDDDC66BD20}.Debug|x64.ActiveCfg = Debug|Any CPU
		{1D064B99-E267-4674-BD56-0EDDDC66BD20}.Debug|x64.Build.0 = Debug|Any CPU
		{1D064B99-E267-4674-BD56-0EDDDC66BD20}.Debug|x86.ActiveCfg = Debug|Any CPU
		{1D064B99-E267-4674-BD56-0EDDDC66BD20}.Debug|x86.Build.0 = Debug|Any CPU
		{1D064B99-E267-4674-BD56-0EDDDC66BD20}.Release|Any CPU.ActiveCfg = Release|Any CPU
		{1D064B99-E267-4674-BD56-0EDDDC66BD20}.Release|Any CPU.Build.0 = Release|Any CPU
		{1D064B99-E267-4674-BD56-0EDDDC66BD20}.Release|x64.ActiveCfg = Release|Any CPU
		{1D064B99-E267-4674-BD56-0EDDDC66BD20}.Release|x64.Build.0 = Release|Any CPU
		{1D064B99-E267-4674-BD56-0EDDDC66BD20}.Release|x86.ActiveCfg = Release|Any CPU
		{1D064B99-E267-4674-BD56-0EDDDC66BD20}.Release|x86.Build.0 = Release|Any CPU
		{5BF2E24D-C5EB-4AB8-94CD-D83BD9CDB4AC}.Debug|Any CPU.ActiveCfg = Debug|Any CPU
		{5BF2E24D-C5EB-4AB8-94CD-D83BD9CDB4AC}.Debug|Any CPU.Build.0 = Debug|Any CPU
		{5BF2E24D-C5EB-4AB8-94CD-D83BD9CDB4AC}.Debug|x64.ActiveCfg = Debug|Any CPU
		{5BF2E24D-C5EB-4AB8-94CD-D83BD9CDB4AC}.Debug|x64.Build.0 = Debug|Any CPU
		{5BF2E24D-C5EB-4AB8-94CD-D83BD9CDB4AC}.Debug|x86.ActiveCfg = Debug|Any CPU
		{5BF2E24D-C5EB-4AB8-94CD-D83BD9CDB4AC}.Debug|x86.Build.0 = Debug|Any CPU
		{5BF2E24D-C5EB-4AB8-94CD-D83BD9CDB4AC}.Release|Any CPU.ActiveCfg = Release|Any CPU
		{5BF2E24D-C5EB-4AB8-94CD-D83BD9CDB4AC}.Release|Any CPU.Build.0 = Release|Any CPU
		{5BF2E24D-C5EB-4AB8-94CD-D83BD9CDB4AC}.Release|x64.ActiveCfg = Release|Any CPU
		{5BF2E24D-C5EB-4AB8-94CD-D83BD9CDB4AC}.Release|x64.Build.0 = Release|Any CPU
		{5BF2E24D-C5EB-4AB8-94CD-D83BD9CDB4AC}.Release|x86.ActiveCfg = Release|Any CPU
		{5BF2E24D-C5EB-4AB8-94CD-D83BD9CDB4AC}.Release|x86.Build.0 = Release|Any CPU
		{FDEF45BD-5181-4515-843C-B4F912804A10}.Debug|Any CPU.ActiveCfg = Debug|Any CPU
		{FDEF45BD-5181-4515-843C-B4F912804A10}.Debug|Any CPU.Build.0 = Debug|Any CPU
		{FDEF45BD-5181-4515-843C-B4F912804A10}.Debug|x64.ActiveCfg = Debug|Any CPU
		{FDEF45BD-5181-4515-843C-B4F912804A10}.Debug|x64.Build.0 = Debug|Any CPU
		{FDEF45BD-5181-4515-843C-B4F912804A10}.Debug|x86.ActiveCfg = Debug|Any CPU
		{FDEF45BD-5181-4515-843C-B4F912804A10}.Debug|x86.Build.0 = Debug|Any CPU
		{FDEF45BD-5181-4515-843C-B4F912804A10}.Release|Any CPU.ActiveCfg = Release|Any CPU
		{FDEF45BD-5181-4515-843C-B4F912804A10}.Release|Any CPU.Build.0 = Release|Any CPU
		{FDEF45BD-5181-4515-843C-B4F912804A10}.Release|x64.ActiveCfg = Release|Any CPU
		{FDEF45BD-5181-4515-843C-B4F912804A10}.Release|x64.Build.0 = Release|Any CPU
		{FDEF45BD-5181-4515-843C-B4F912804A10}.Release|x86.ActiveCfg = Release|Any CPU
		{FDEF45BD-5181-4515-843C-B4F912804A10}.Release|x86.Build.0 = Release|Any CPU
		{039AFF12-BC92-4B66-AD70-9292494514CB}.Debug|Any CPU.ActiveCfg = Debug|Any CPU
		{039AFF12-BC92-4B66-AD70-9292494514CB}.Debug|Any CPU.Build.0 = Debug|Any CPU
		{039AFF12-BC92-4B66-AD70-9292494514CB}.Debug|x64.ActiveCfg = Debug|x64
		{039AFF12-BC92-4B66-AD70-9292494514CB}.Debug|x64.Build.0 = Debug|x64
		{039AFF12-BC92-4B66-AD70-9292494514CB}.Debug|x86.ActiveCfg = Debug|x86
		{039AFF12-BC92-4B66-AD70-9292494514CB}.Debug|x86.Build.0 = Debug|x86
		{039AFF12-BC92-4B66-AD70-9292494514CB}.Release|Any CPU.ActiveCfg = Release|Any CPU
		{039AFF12-BC92-4B66-AD70-9292494514CB}.Release|Any CPU.Build.0 = Release|Any CPU
		{039AFF12-BC92-4B66-AD70-9292494514CB}.Release|x64.ActiveCfg = Release|x64
		{039AFF12-BC92-4B66-AD70-9292494514CB}.Release|x64.Build.0 = Release|x64
		{039AFF12-BC92-4B66-AD70-9292494514CB}.Release|x86.ActiveCfg = Release|x86
		{039AFF12-BC92-4B66-AD70-9292494514CB}.Release|x86.Build.0 = Release|x86
		{61B1A8CB-4D7C-40F2-AD9E-615FA2CC4F9D}.Debug|Any CPU.ActiveCfg = Debug|Any CPU
		{61B1A8CB-4D7C-40F2-AD9E-615FA2CC4F9D}.Debug|Any CPU.Build.0 = Debug|Any CPU
		{61B1A8CB-4D7C-40F2-AD9E-615FA2CC4F9D}.Debug|x64.ActiveCfg = Debug|Any CPU
		{61B1A8CB-4D7C-40F2-AD9E-615FA2CC4F9D}.Debug|x64.Build.0 = Debug|Any CPU
		{61B1A8CB-4D7C-40F2-AD9E-615FA2CC4F9D}.Debug|x86.ActiveCfg = Debug|Any CPU
		{61B1A8CB-4D7C-40F2-AD9E-615FA2CC4F9D}.Debug|x86.Build.0 = Debug|Any CPU
		{61B1A8CB-4D7C-40F2-AD9E-615FA2CC4F9D}.Release|Any CPU.ActiveCfg = Release|Any CPU
		{61B1A8CB-4D7C-40F2-AD9E-615FA2CC4F9D}.Release|Any CPU.Build.0 = Release|Any CPU
		{61B1A8CB-4D7C-40F2-AD9E-615FA2CC4F9D}.Release|x64.ActiveCfg = Release|Any CPU
		{61B1A8CB-4D7C-40F2-AD9E-615FA2CC4F9D}.Release|x64.Build.0 = Release|Any CPU
		{61B1A8CB-4D7C-40F2-AD9E-615FA2CC4F9D}.Release|x86.ActiveCfg = Release|Any CPU
		{61B1A8CB-4D7C-40F2-AD9E-615FA2CC4F9D}.Release|x86.Build.0 = Release|Any CPU
		{C0E0C1EE-7F2E-4114-B910-0FBCD02FC3CA}.Debug|Any CPU.ActiveCfg = Debug|x64
		{C0E0C1EE-7F2E-4114-B910-0FBCD02FC3CA}.Debug|Any CPU.Build.0 = Debug|x64
		{C0E0C1EE-7F2E-4114-B910-0FBCD02FC3CA}.Debug|x64.ActiveCfg = Debug|x64
		{C0E0C1EE-7F2E-4114-B910-0FBCD02FC3CA}.Debug|x64.Build.0 = Debug|x64
		{C0E0C1EE-7F2E-4114-B910-0FBCD02FC3CA}.Debug|x86.ActiveCfg = Debug|Win32
		{C0E0C1EE-7F2E-4114-B910-0FBCD02FC3CA}.Debug|x86.Build.0 = Debug|Win32
		{C0E0C1EE-7F2E-4114-B910-0FBCD02FC3CA}.Release|Any CPU.ActiveCfg = Release|x64
		{C0E0C1EE-7F2E-4114-B910-0FBCD02FC3CA}.Release|Any CPU.Build.0 = Release|x64
		{C0E0C1EE-7F2E-4114-B910-0FBCD02FC3CA}.Release|x64.ActiveCfg = Release|x64
		{C0E0C1EE-7F2E-4114-B910-0FBCD02FC3CA}.Release|x64.Build.0 = Release|x64
		{C0E0C1EE-7F2E-4114-B910-0FBCD02FC3CA}.Release|x86.ActiveCfg = Release|Win32
		{C0E0C1EE-7F2E-4114-B910-0FBCD02FC3CA}.Release|x86.Build.0 = Release|Win32
	EndGlobalSection
	GlobalSection(SolutionProperties) = preSolution
		HideSolutionNode = FALSE
	EndGlobalSection
	GlobalSection(ExtensibilityGlobals) = postSolution
		SolutionGuid = {92907320-DAC5-454C-AE74-ACE0436491C8}
	EndGlobalSection
EndGlobal
